
Microsoft Visual Studio Solution File, Format Version 12.00
# Visual Studio Version 16
VisualStudioVersion = 16.0.29230.47
MinimumVisualStudioVersion = 10.0.40219.1
Project("{FAE04EC0-301F-11D3-BF4B-00C04F79EFBC}") = "Server", "Server\Server.csproj", "{1BF01E2B-A9A0-4BA4-9AE2-1F60C5E06375}"
EndProject
Project("{FAE04EC0-301F-11D3-BF4B-00C04F79EFBC}") = "Common", "Common\Common.csproj", "{28570E58-A6D2-490D-A980-FE84DD449856}"
EndProject
Project("{FAE04EC0-301F-11D3-BF4B-00C04F79EFBC}") = "Client", "Client\Client.csproj", "{E24BC5AE-A144-40D5-94AE-9A3053E71F5D}"
EndProject
Global
	GlobalSection(SolutionConfigurationPlatforms) = preSolution
		Debug|Any CPU = Debug|Any CPU
		Release|Any CPU = Release|Any CPU
	EndGlobalSection
	GlobalSection(ProjectConfigurationPlatforms) = postSolution
		{1BF01E2B-A9A0-4BA4-9AE2-1F60C5E06375}.Debug|Any CPU.ActiveCfg = Debug|Any CPU
		{1BF01E2B-A9A0-4BA4-9AE2-1F60C5E06375}.Debug|Any CPU.Build.0 = Debug|Any CPU
		{1BF01E2B-A9A0-4BA4-9AE2-1F60C5E06375}.Release|Any CPU.ActiveCfg = Release|Any CPU
		{1BF01E2B-A9A0-4BA4-9AE2-1F60C5E06375}.Release|Any CPU.Build.0 = Release|Any CPU
		{28570E58-A6D2-490D-A980-FE84DD449856}.Debug|Any CPU.ActiveCfg = Debug|Any CPU
		{28570E58-A6D2-490D-A980-FE84DD449856}.Debug|Any CPU.Build.0 = Debug|Any CPU
		{28570E58-A6D2-490D-A980-FE84DD449856}.Release|Any CPU.ActiveCfg = Release|Any CPU
		{28570E58-A6D2-490D-A980-FE84DD449856}.Release|Any CPU.Build.0 = Release|Any CPU
		{E24BC5AE-A144-40D5-94AE-9A3053E71F5D}.Debug|Any CPU.ActiveCfg = Debug|Any CPU
		{E24BC5AE-A144-40D5-94AE-9A3053E71F5D}.Debug|Any CPU.Build.0 = Debug|Any CPU
		{E24BC5AE-A144-40D5-94AE-9A3053E71F5D}.Release|Any CPU.ActiveCfg = Release|Any CPU
		{E24BC5AE-A144-40D5-94AE-9A3053E71F5D}.Release|Any CPU.Build.0 = Release|Any CPU
	EndGlobalSection
	GlobalSection(SolutionProperties) = preSolution
		HideSolutionNode = FALSE
	EndGlobalSection
	GlobalSection(ExtensibilityGlobals) = postSolution
		SolutionGuid = {508A07C2-D6A5-4FBC-8203-355ED3A3C0BD}
	EndGlobalSection
EndGlobal
